
Microsoft Visual Studio Solution File, Format Version 12.00
# Visual Studio Version 16
VisualStudioVersion = 16.0.30128.74
MinimumVisualStudioVersion = 10.0.40219.1
Project("{FAE04EC0-301F-11D3-BF4B-00C04F79EFBC}") = "aspnet-core-api", ".\aspnet-core-api\aspnet-core-api.csproj", "{040B1568-424C-4ABB-B0C0-94B0598E6173}"
EndProject
Project("{FAE04EC0-301F-11D3-BF4B-00C04F79EFBC}") = "Api.Services", ".\Api.Services\Api.Services.csproj", "{79CD7476-B500-4B58-9E14-0997DAFFC979}"
EndProject
Project("{FAE04EC0-301F-11D3-BF4B-00C04F79EFBC}") = "Api.Repository", ".\Api.Repository\Api.Repository.csproj", "{EF1353D3-20DF-43BB-82B8-350605A989DF}"
EndProject
Project("{FAE04EC0-301F-11D3-BF4B-00C04F79EFBC}") = "Api.UnitTests", ".\Api.UnitTests\Api.UnitTests.csproj", "{30AD21C1-5DDD-4F97-B942-3DDBF42CFFA0}"
EndProject
Project("{2150E333-8FDC-42A3-9474-1A3956D46DE8}") = "Tests", "Tests", "{53A01690-2E3F-4669-A1FB-184FF26BD428}"
EndProject
Project("{2150E333-8FDC-42A3-9474-1A3956D46DE8}") = "Core", "Core", "{113135A6-9668-4947-9DB4-B770ECD91712}"
EndProject
Project("{FAE04EC0-301F-11D3-BF4B-00C04F79EFBC}") = "Api.Entities", ".\Api.Entities\Api.Entities.csproj", "{2175C8D8-8F16-4E73-BDFD-B84A199284B6}"
EndProject
Global
	GlobalSection(SolutionConfigurationPlatforms) = preSolution
		Debug|Any CPU = Debug|Any CPU
		Release|Any CPU = Release|Any CPU
	EndGlobalSection
	GlobalSection(ProjectConfigurationPlatforms) = postSolution
		{040B1568-424C-4ABB-B0C0-94B0598E6173}.Debug|Any CPU.ActiveCfg = Debug|Any CPU
		{040B1568-424C-4ABB-B0C0-94B0598E6173}.Debug|Any CPU.Build.0 = Debug|Any CPU
		{040B1568-424C-4ABB-B0C0-94B0598E6173}.Release|Any CPU.ActiveCfg = Release|Any CPU
		{040B1568-424C-4ABB-B0C0-94B0598E6173}.Release|Any CPU.Build.0 = Release|Any CPU
		{79CD7476-B500-4B58-9E14-0997DAFFC979}.Debug|Any CPU.ActiveCfg = Debug|Any CPU
		{79CD7476-B500-4B58-9E14-0997DAFFC979}.Debug|Any CPU.Build.0 = Debug|Any CPU
		{79CD7476-B500-4B58-9E14-0997DAFFC979}.Release|Any CPU.ActiveCfg = Release|Any CPU
		{79CD7476-B500-4B58-9E14-0997DAFFC979}.Release|Any CPU.Build.0 = Release|Any CPU
		{EF1353D3-20DF-43BB-82B8-350605A989DF}.Debug|Any CPU.ActiveCfg = Debug|Any CPU
		{EF1353D3-20DF-43BB-82B8-350605A989DF}.Debug|Any CPU.Build.0 = Debug|Any CPU
		{EF1353D3-20DF-43BB-82B8-350605A989DF}.Release|Any CPU.ActiveCfg = Release|Any CPU
		{EF1353D3-20DF-43BB-82B8-350605A989DF}.Release|Any CPU.Build.0 = Release|Any CPU
		{30AD21C1-5DDD-4F97-B942-3DDBF42CFFA0}.Debug|Any CPU.ActiveCfg = Debug|Any CPU
		{30AD21C1-5DDD-4F97-B942-3DDBF42CFFA0}.Debug|Any CPU.Build.0 = Debug|Any CPU
		{30AD21C1-5DDD-4F97-B942-3DDBF42CFFA0}.Release|Any CPU.ActiveCfg = Release|Any CPU
		{30AD21C1-5DDD-4F97-B942-3DDBF42CFFA0}.Release|Any CPU.Build.0 = Release|Any CPU
		{2175C8D8-8F16-4E73-BDFD-B84A199284B6}.Debug|Any CPU.ActiveCfg = Debug|Any CPU
		{2175C8D8-8F16-4E73-BDFD-B84A199284B6}.Debug|Any CPU.Build.0 = Debug|Any CPU
		{2175C8D8-8F16-4E73-BDFD-B84A199284B6}.Release|Any CPU.ActiveCfg = Release|Any CPU
		{2175C8D8-8F16-4E73-BDFD-B84A199284B6}.Release|Any CPU.Build.0 = Release|Any CPU
	EndGlobalSection
	GlobalSection(SolutionProperties) = preSolution
		HideSolutionNode = FALSE
	EndGlobalSection
	GlobalSection(NestedProjects) = preSolution
		{79CD7476-B500-4B58-9E14-0997DAFFC979} = {113135A6-9668-4947-9DB4-B770ECD91712}
		{EF1353D3-20DF-43BB-82B8-350605A989DF} = {113135A6-9668-4947-9DB4-B770ECD91712}
		{30AD21C1-5DDD-4F97-B942-3DDBF42CFFA0} = {53A01690-2E3F-4669-A1FB-184FF26BD428}
		{2175C8D8-8F16-4E73-BDFD-B84A199284B6} = {113135A6-9668-4947-9DB4-B770ECD91712}
	EndGlobalSection
	GlobalSection(ExtensibilityGlobals) = postSolution
		SolutionGuid = {E4FDA596-C480-488F-AB42-CA524676C3ED}
	EndGlobalSection
EndGlobal
